
Microsoft Visual Studio Solution File, Format Version 12.00
# Visual Studio Version 17
VisualStudioVersion = 17.8.34330.188
MinimumVisualStudioVersion = 10.0.40219.1
Project("{FAE04EC0-301F-11D3-BF4B-00C04F79EFBC}") = "BlazorDemoCoreHost", "BlazorDemoCoreHost\BlazorDemoCoreHost.csproj", "{7D61C8E7-A126-4F34-8D65-0E52FFFA6D27}"
EndProject
Project("{FAE04EC0-301F-11D3-BF4B-00C04F79EFBC}") = "BlazorDemoCoreHost.Server", "BlazorDemoCoreHost.Server\BlazorDemoCoreHost.Server.csproj", "{4743CFB4-46DA-4309-8746-3CCFD47C1506}"
EndProject
Project("{FAE04EC0-301F-11D3-BF4B-00C04F79EFBC}") = "BlazorDemoCoreHost.Shared", "BlazorDemoCoreHost.Shared\BlazorDemoCoreHost.Shared.csproj", "{0599BFAD-EA9A-4931-866E-3B6699E0CE6A}"
EndProject
Global
	GlobalSection(SolutionConfigurationPlatforms) = preSolution
		Debug|Any CPU = Debug|Any CPU
		Release|Any CPU = Release|Any CPU
	EndGlobalSection
	GlobalSection(ProjectConfigurationPlatforms) = postSolution
		{7D61C8E7-A126-4F34-8D65-0E52FFFA6D27}.Debug|Any CPU.ActiveCfg = Debug|Any CPU
		{7D61C8E7-A126-4F34-8D65-0E52FFFA6D27}.Debug|Any CPU.Build.0 = Debug|Any CPU
		{7D61C8E7-A126-4F34-8D65-0E52FFFA6D27}.Release|Any CPU.ActiveCfg = Release|Any CPU
		{7D61C8E7-A126-4F34-8D65-0E52FFFA6D27}.Release|Any CPU.Build.0 = Release|Any CPU
		{4743CFB4-46DA-4309-8746-3CCFD47C1506}.Debug|Any CPU.ActiveCfg = Debug|Any CPU
		{4743CFB4-46DA-4309-8746-3CCFD47C1506}.Debug|Any CPU.Build.0 = Debug|Any CPU
		{4743CFB4-46DA-4309-8746-3CCFD47C1506}.Release|Any CPU.ActiveCfg = Release|Any CPU
		{4743CFB4-46DA-4309-8746-3CCFD47C1506}.Release|Any CPU.Build.0 = Release|Any CPU
		{0599BFAD-EA9A-4931-866E-3B6699E0CE6A}.Debug|Any CPU.ActiveCfg = Debug|Any CPU
		{0599BFAD-EA9A-4931-866E-3B6699E0CE6A}.Debug|Any CPU.Build.0 = Debug|Any CPU
		{0599BFAD-EA9A-4931-866E-3B6699E0CE6A}.Release|Any CPU.ActiveCfg = Release|Any CPU
		{0599BFAD-EA9A-4931-866E-3B6699E0CE6A}.Release|Any CPU.Build.0 = Release|Any CPU
	EndGlobalSection
	GlobalSection(SolutionProperties) = preSolution
		HideSolutionNode = FALSE
	EndGlobalSection
	GlobalSection(ExtensibilityGlobals) = postSolution
		SolutionGuid = {287F3748-E8AA-46CF-9CE9-D858B08F0A69}
	EndGlobalSection
EndGlobal
